
Microsoft Visual Studio Solution File, Format Version 12.00
# Visual Studio Version 17
VisualStudioVersion = 17.12.35707.178 d17.12
MinimumVisualStudioVersion = 10.0.40219.1
Project("{FAE04EC0-301F-11D3-BF4B-00C04F79EFBC}") = "MDUA.Framework", "MDUA.Framework\MDUA.Framework.csproj", "{78C02EBB-6023-48A5-8F8B-B9522DFC57B6}"
EndProject
Project("{FAE04EC0-301F-11D3-BF4B-00C04F79EFBC}") = "MDUA.Entities", "MDUA.Entities\MDUA.Entities.csproj", "{840AD573-C716-43B9-A5A5-43A5A3D3206D}"
EndProject
Project("{FAE04EC0-301F-11D3-BF4B-00C04F79EFBC}") = "MDUA.DataAccess", "MDUA.DataAccess\MDUA.DataAccess.csproj", "{F35493B1-3AD7-468B-9DA6-38015882CB17}"
EndProject
Project("{FAE04EC0-301F-11D3-BF4B-00C04F79EFBC}") = "MDUA.Facade", "MDUA.Facade\MDUA.Facade.csproj", "{69469D95-06F8-4950-81D3-D3DF2776CF61}"
EndProject
Project("{2150E333-8FDC-42A3-9474-1A3956D46DE8}") = "Library", "Library", "{06B4F92B-F3EF-484E-B885-F42F43C9D7A6}"
EndProject
Project("{2150E333-8FDC-42A3-9474-1A3956D46DE8}") = "Service", "Service", "{14C95B8B-BE68-4AEA-9C5E-BBE058778C9F}"
EndProject
Project("{2150E333-8FDC-42A3-9474-1A3956D46DE8}") = "Presentation", "Presentation", "{2A241C7D-1E38-441C-9763-E3C2C302A748}"
EndProject
Project("{FAE04EC0-301F-11D3-BF4B-00C04F79EFBC}") = "MDUA.Web.UI", "MDUA.Web.UI\MDUA.Web.UI.csproj", "{29822D09-CEF4-4C8F-A7F0-DE5A768E188F}"
EndProject
Global
	GlobalSection(SolutionConfigurationPlatforms) = preSolution
		Debug|Any CPU = Debug|Any CPU
		Release|Any CPU = Release|Any CPU
	EndGlobalSection
	GlobalSection(ProjectConfigurationPlatforms) = postSolution
		{78C02EBB-6023-48A5-8F8B-B9522DFC57B6}.Debug|Any CPU.ActiveCfg = Debug|Any CPU
		{78C02EBB-6023-48A5-8F8B-B9522DFC57B6}.Debug|Any CPU.Build.0 = Debug|Any CPU
		{78C02EBB-6023-48A5-8F8B-B9522DFC57B6}.Release|Any CPU.ActiveCfg = Release|Any CPU
		{78C02EBB-6023-48A5-8F8B-B9522DFC57B6}.Release|Any CPU.Build.0 = Release|Any CPU
		{840AD573-C716-43B9-A5A5-43A5A3D3206D}.Debug|Any CPU.ActiveCfg = Debug|Any CPU
		{840AD573-C716-43B9-A5A5-43A5A3D3206D}.Debug|Any CPU.Build.0 = Debug|Any CPU
		{840AD573-C716-43B9-A5A5-43A5A3D3206D}.Release|Any CPU.ActiveCfg = Release|Any CPU
		{840AD573-C716-43B9-A5A5-43A5A3D3206D}.Release|Any CPU.Build.0 = Release|Any CPU
		{F35493B1-3AD7-468B-9DA6-38015882CB17}.Debug|Any CPU.ActiveCfg = Debug|Any CPU
		{F35493B1-3AD7-468B-9DA6-38015882CB17}.Debug|Any CPU.Build.0 = Debug|Any CPU
		{F35493B1-3AD7-468B-9DA6-38015882CB17}.Release|Any CPU.ActiveCfg = Release|Any CPU
		{F35493B1-3AD7-468B-9DA6-38015882CB17}.Release|Any CPU.Build.0 = Release|Any CPU
		{69469D95-06F8-4950-81D3-D3DF2776CF61}.Debug|Any CPU.ActiveCfg = Debug|Any CPU
		{69469D95-06F8-4950-81D3-D3DF2776CF61}.Debug|Any CPU.Build.0 = Debug|Any CPU
		{69469D95-06F8-4950-81D3-D3DF2776CF61}.Release|Any CPU.ActiveCfg = Release|Any CPU
		{69469D95-06F8-4950-81D3-D3DF2776CF61}.Release|Any CPU.Build.0 = Release|Any CPU
		{29822D09-CEF4-4C8F-A7F0-DE5A768E188F}.Debug|Any CPU.ActiveCfg = Debug|Any CPU
		{29822D09-CEF4-4C8F-A7F0-DE5A768E188F}.Debug|Any CPU.Build.0 = Debug|Any CPU
		{29822D09-CEF4-4C8F-A7F0-DE5A768E188F}.Release|Any CPU.ActiveCfg = Release|Any CPU
		{29822D09-CEF4-4C8F-A7F0-DE5A768E188F}.Release|Any CPU.Build.0 = Release|Any CPU
	EndGlobalSection
	GlobalSection(SolutionProperties) = preSolution
		HideSolutionNode = FALSE
	EndGlobalSection
	GlobalSection(NestedProjects) = preSolution
		{78C02EBB-6023-48A5-8F8B-B9522DFC57B6} = {06B4F92B-F3EF-484E-B885-F42F43C9D7A6}
		{840AD573-C716-43B9-A5A5-43A5A3D3206D} = {06B4F92B-F3EF-484E-B885-F42F43C9D7A6}
		{F35493B1-3AD7-468B-9DA6-38015882CB17} = {06B4F92B-F3EF-484E-B885-F42F43C9D7A6}
		{69469D95-06F8-4950-81D3-D3DF2776CF61} = {06B4F92B-F3EF-484E-B885-F42F43C9D7A6}
		{29822D09-CEF4-4C8F-A7F0-DE5A768E188F} = {2A241C7D-1E38-441C-9763-E3C2C302A748}
	EndGlobalSection
EndGlobal
